
Microsoft Visual Studio Solution File, Format Version 12.00
# Visual Studio Version 16
VisualStudioVersion = 16.0.31019.35
MinimumVisualStudioVersion = 10.0.40219.1
Project("{FAE04EC0-301F-11D3-BF4B-00C04F79EFBC}") = "Task 1.1.10", "Task 1.1.10\Task 1.1.10.csproj", "{87B085B1-0BD5-4E6B-8665-10BB7C6DA291}"
EndProject
Global
	GlobalSection(SolutionConfigurationPlatforms) = preSolution
		Debug|Any CPU = Debug|Any CPU
		Release|Any CPU = Release|Any CPU
	EndGlobalSection
	GlobalSection(ProjectConfigurationPlatforms) = postSolution
		{87B085B1-0BD5-4E6B-8665-10BB7C6DA291}.Debug|Any CPU.ActiveCfg = Debug|Any CPU
		{87B085B1-0BD5-4E6B-8665-10BB7C6DA291}.Debug|Any CPU.Build.0 = Debug|Any CPU
		{87B085B1-0BD5-4E6B-8665-10BB7C6DA291}.Release|Any CPU.ActiveCfg = Release|Any CPU
		{87B085B1-0BD5-4E6B-8665-10BB7C6DA291}.Release|Any CPU.Build.0 = Release|Any CPU
	EndGlobalSection
	GlobalSection(SolutionProperties) = preSolution
		HideSolutionNode = FALSE
	EndGlobalSection
	GlobalSection(ExtensibilityGlobals) = postSolution
		SolutionGuid = {BD415155-1CBA-4E7B-9BED-137E05CC999D}
	EndGlobalSection
EndGlobal
