
Microsoft Visual Studio Solution File, Format Version 12.00
# Visual Studio Version 16
VisualStudioVersion = 16.0.31019.35
MinimumVisualStudioVersion = 10.0.40219.1
Project("{FAE04EC0-301F-11D3-BF4B-00C04F79EFBC}") = "Task 1.1.1", "Task 1.1.1.csproj", "{2FDC0791-9B0A-48A4-9897-BE076339DF91}"
EndProject
Global
	GlobalSection(SolutionConfigurationPlatforms) = preSolution
		Debug|Any CPU = Debug|Any CPU
		Release|Any CPU = Release|Any CPU
	EndGlobalSection
	GlobalSection(ProjectConfigurationPlatforms) = postSolution
		{2FDC0791-9B0A-48A4-9897-BE076339DF91}.Debug|Any CPU.ActiveCfg = Debug|Any CPU
		{2FDC0791-9B0A-48A4-9897-BE076339DF91}.Debug|Any CPU.Build.0 = Debug|Any CPU
		{2FDC0791-9B0A-48A4-9897-BE076339DF91}.Release|Any CPU.ActiveCfg = Release|Any CPU
		{2FDC0791-9B0A-48A4-9897-BE076339DF91}.Release|Any CPU.Build.0 = Release|Any CPU
	EndGlobalSection
	GlobalSection(SolutionProperties) = preSolution
		HideSolutionNode = FALSE
	EndGlobalSection
	GlobalSection(ExtensibilityGlobals) = postSolution
		SolutionGuid = {BA3146F5-0296-4A15-82F5-82005135F999}
	EndGlobalSection
EndGlobal
