
Microsoft Visual Studio Solution File, Format Version 12.00
# Visual Studio Version 16
VisualStudioVersion = 16.0.31019.35
MinimumVisualStudioVersion = 10.0.40219.1
Project("{FAE04EC0-301F-11D3-BF4B-00C04F79EFBC}") = "Task 1.1.9", "Task 1.1.9\Task 1.1.9.csproj", "{277A90F1-2AD0-4315-9C5C-B218FC299189}"
EndProject
Global
	GlobalSection(SolutionConfigurationPlatforms) = preSolution
		Debug|Any CPU = Debug|Any CPU
		Release|Any CPU = Release|Any CPU
	EndGlobalSection
	GlobalSection(ProjectConfigurationPlatforms) = postSolution
		{277A90F1-2AD0-4315-9C5C-B218FC299189}.Debug|Any CPU.ActiveCfg = Debug|Any CPU
		{277A90F1-2AD0-4315-9C5C-B218FC299189}.Debug|Any CPU.Build.0 = Debug|Any CPU
		{277A90F1-2AD0-4315-9C5C-B218FC299189}.Release|Any CPU.ActiveCfg = Release|Any CPU
		{277A90F1-2AD0-4315-9C5C-B218FC299189}.Release|Any CPU.Build.0 = Release|Any CPU
	EndGlobalSection
	GlobalSection(SolutionProperties) = preSolution
		HideSolutionNode = FALSE
	EndGlobalSection
	GlobalSection(ExtensibilityGlobals) = postSolution
		SolutionGuid = {BD310A6E-48AB-4EC9-80A9-840644CDF67B}
	EndGlobalSection
EndGlobal
